
Microsoft Visual Studio Solution File, Format Version 12.00
# Visual Studio 2013
VisualStudioVersion = 12.0.40629.0
MinimumVisualStudioVersion = 10.0.40219.1
Project("{2150E333-8FDC-42A3-9474-1A3956D46DE8}") = "Mvc", "Mvc", "{49CE13F2-F9E2-4346-95B7-D97FF88112EB}"
EndProject
Project("{2150E333-8FDC-42A3-9474-1A3956D46DE8}") = "Service", "Service", "{F93A3E5F-5F11-431E-929D-9E0F21F46E3B}"
EndProject
Project("{2150E333-8FDC-42A3-9474-1A3956D46DE8}") = "Data", "Data", "{384C34AC-87F9-42F4-98D3-F3254C378CEE}"
EndProject
Project("{2150E333-8FDC-42A3-9474-1A3956D46DE8}") = "Test", "Test", "{0E4DF9C8-ABC6-4BD6-8D51-5479EC1C0F5D}"
EndProject
Project("{FAE04EC0-301F-11D3-BF4B-00C04F79EFBC}") = "RJ.DAL", "RJ.DAL\RJ.DAL.csproj", "{4748518D-1181-4BB3-949D-8A48EC78EDAA}"
EndProject
Project("{FAE04EC0-301F-11D3-BF4B-00C04F79EFBC}") = "RJ.BLL", "RJ.BLL\RJ.BLL.csproj", "{1226EC80-4A65-4F51-9ACB-00FA20026826}"
EndProject
Project("{FAE04EC0-301F-11D3-BF4B-00C04F79EFBC}") = "RJ.MVC", "RJ.MVC\RJ.MVC.csproj", "{CC4F7574-9F9D-4227-ADFA-C8788F150230}"
EndProject
Project("{2150E333-8FDC-42A3-9474-1A3956D46DE8}") = "GitCommands", "GitCommands", "{AE4210C6-5120-4667-8508-71D3C809A12D}"
	ProjectSection(SolutionItems) = preProject
		GitCommands.txt = GitCommands.txt
	EndProjectSection
EndProject
Project("{FAE04EC0-301F-11D3-BF4B-00C04F79EFBC}") = "RJ.ConsoleTest", "RJ.ConsoleTest\RJ.ConsoleTest.csproj", "{72307750-9EB0-4F9B-9A0D-3288A5BFDCC8}"
EndProject
Project("{2150E333-8FDC-42A3-9474-1A3956D46DE8}") = "Utils", "Utils", "{C911046C-F2C1-4F33-A8D9-B028D216F9C9}"
EndProject
Project("{2150E333-8FDC-42A3-9474-1A3956D46DE8}") = "SqlScripts", "SqlScripts", "{1135AAA0-D76D-427C-B2B2-5BCFC7717219}"
	ProjectSection(SolutionItems) = preProject
		InsertSampleData.sql = InsertSampleData.sql
		..\..\..\WebAPI\NetUtilityScripts.sql = ..\..\..\WebAPI\NetUtilityScripts.sql
		..\..\..\..\SqlIInterviewQuestions\SudentCourseDDL.sql = ..\..\..\..\SqlIInterviewQuestions\SudentCourseDDL.sql
	EndProjectSection
EndProject
Project("{FAE04EC0-301F-11D3-BF4B-00C04F79EFBC}") = "RJ.Utils", "RJ.Utils\RJ.Utils.csproj", "{D89616CF-9CE6-4A9C-B67F-FF7E7A05EE30}"
EndProject
Project("{2150E333-8FDC-42A3-9474-1A3956D46DE8}") = "Poco", "Poco", "{4776D881-CF63-4DAC-8289-5BEDC9A69AFD}"
EndProject
Project("{FAE04EC0-301F-11D3-BF4B-00C04F79EFBC}") = "RJ.Poco", "RJ.Poco\RJ.Poco.csproj", "{AAA8C731-FEA6-45D6-946D-93F3C5287812}"
EndProject
Project("{2150E333-8FDC-42A3-9474-1A3956D46DE8}") = "SqlInterviewQuestions", "SqlInterviewQuestions", "{8B34CA24-185C-4D24-AD01-8B3C11C5BB81}"
	ProjectSection(SolutionItems) = preProject
		..\..\..\..\SqlIInterviewQuestions\SqlInterview.sql = ..\..\..\..\SqlIInterviewQuestions\SqlInterview.sql
	EndProjectSection
EndProject
Project("{2150E333-8FDC-42A3-9474-1A3956D46DE8}") = "WebApi", "WebApi", "{2C906D7A-E67A-4B67-BD64-243C98D76B6A}"
EndProject
Project("{FAE04EC0-301F-11D3-BF4B-00C04F79EFBC}") = "RJ.Api", "RJ.Api\RJ.Api.csproj", "{6AEF7EC3-1F59-4486-8598-EE1C4CCC5D05}"
EndProject
Project("{2150E333-8FDC-42A3-9474-1A3956D46DE8}") = "WcfService", "WcfService", "{99580661-BB2B-4C12-AE61-452305776E01}"
EndProject
Project("{FAE04EC0-301F-11D3-BF4B-00C04F79EFBC}") = "RJ.PizzaOrderingService", "RJ.PizzaOrderingService\RJ.PizzaOrderingService.csproj", "{FF59DB71-3DA4-4EC3-9288-3CD6C5491A26}"
EndProject
Project("{FAE04EC0-301F-11D3-BF4B-00C04F79EFBC}") = "RJ.PizzaConsoleHost", "RJ.PizzaConsoleHost\RJ.PizzaConsoleHost.csproj", "{9F84DC75-1383-4E43-A1E3-0445360A29FB}"
EndProject
Project("{FAE04EC0-301F-11D3-BF4B-00C04F79EFBC}") = "RJ.PizzaIISHost", "RJ.PizzaIISHost\RJ.PizzaIISHost.csproj", "{DB1533A2-E6CF-4BAB-9478-12824B73F9CB}"
EndProject
Project("{2150E333-8FDC-42A3-9474-1A3956D46DE8}") = "WcfClient", "WcfClient", "{42DC8DB2-3CCB-47A8-A360-D498AA6B8D56}"
EndProject
Project("{FAE04EC0-301F-11D3-BF4B-00C04F79EFBC}") = "RJ.PizzaService.ConsoleClient", "RJ.PizzaService.ConsoleClient\RJ.PizzaService.ConsoleClient.csproj", "{E85ECCA4-DC91-4786-AA16-472663A1D6F2}"
	ProjectSection(ProjectDependencies) = postProject
		{DB1533A2-E6CF-4BAB-9478-12824B73F9CB} = {DB1533A2-E6CF-4BAB-9478-12824B73F9CB}
	EndProjectSection
EndProject
Global
	GlobalSection(SolutionConfigurationPlatforms) = preSolution
		Debug|Any CPU = Debug|Any CPU
		Release|Any CPU = Release|Any CPU
	EndGlobalSection
	GlobalSection(ProjectConfigurationPlatforms) = postSolution
		{4748518D-1181-4BB3-949D-8A48EC78EDAA}.Debug|Any CPU.ActiveCfg = Debug|Any CPU
		{4748518D-1181-4BB3-949D-8A48EC78EDAA}.Debug|Any CPU.Build.0 = Debug|Any CPU
		{4748518D-1181-4BB3-949D-8A48EC78EDAA}.Release|Any CPU.ActiveCfg = Release|Any CPU
		{4748518D-1181-4BB3-949D-8A48EC78EDAA}.Release|Any CPU.Build.0 = Release|Any CPU
		{1226EC80-4A65-4F51-9ACB-00FA20026826}.Debug|Any CPU.ActiveCfg = Debug|Any CPU
		{1226EC80-4A65-4F51-9ACB-00FA20026826}.Debug|Any CPU.Build.0 = Debug|Any CPU
		{1226EC80-4A65-4F51-9ACB-00FA20026826}.Release|Any CPU.ActiveCfg = Release|Any CPU
		{1226EC80-4A65-4F51-9ACB-00FA20026826}.Release|Any CPU.Build.0 = Release|Any CPU
		{CC4F7574-9F9D-4227-ADFA-C8788F150230}.Debug|Any CPU.ActiveCfg = Debug|Any CPU
		{CC4F7574-9F9D-4227-ADFA-C8788F150230}.Debug|Any CPU.Build.0 = Debug|Any CPU
		{CC4F7574-9F9D-4227-ADFA-C8788F150230}.Release|Any CPU.ActiveCfg = Release|Any CPU
		{CC4F7574-9F9D-4227-ADFA-C8788F150230}.Release|Any CPU.Build.0 = Release|Any CPU
		{72307750-9EB0-4F9B-9A0D-3288A5BFDCC8}.Debug|Any CPU.ActiveCfg = Debug|Any CPU
		{72307750-9EB0-4F9B-9A0D-3288A5BFDCC8}.Debug|Any CPU.Build.0 = Debug|Any CPU
		{72307750-9EB0-4F9B-9A0D-3288A5BFDCC8}.Release|Any CPU.ActiveCfg = Release|Any CPU
		{72307750-9EB0-4F9B-9A0D-3288A5BFDCC8}.Release|Any CPU.Build.0 = Release|Any CPU
		{D89616CF-9CE6-4A9C-B67F-FF7E7A05EE30}.Debug|Any CPU.ActiveCfg = Debug|Any CPU
		{D89616CF-9CE6-4A9C-B67F-FF7E7A05EE30}.Debug|Any CPU.Build.0 = Debug|Any CPU
		{D89616CF-9CE6-4A9C-B67F-FF7E7A05EE30}.Release|Any CPU.ActiveCfg = Release|Any CPU
		{D89616CF-9CE6-4A9C-B67F-FF7E7A05EE30}.Release|Any CPU.Build.0 = Release|Any CPU
		{AAA8C731-FEA6-45D6-946D-93F3C5287812}.Debug|Any CPU.ActiveCfg = Debug|Any CPU
		{AAA8C731-FEA6-45D6-946D-93F3C5287812}.Debug|Any CPU.Build.0 = Debug|Any CPU
		{AAA8C731-FEA6-45D6-946D-93F3C5287812}.Release|Any CPU.ActiveCfg = Release|Any CPU
		{AAA8C731-FEA6-45D6-946D-93F3C5287812}.Release|Any CPU.Build.0 = Release|Any CPU
		{6AEF7EC3-1F59-4486-8598-EE1C4CCC5D05}.Debug|Any CPU.ActiveCfg = Debug|Any CPU
		{6AEF7EC3-1F59-4486-8598-EE1C4CCC5D05}.Debug|Any CPU.Build.0 = Debug|Any CPU
		{6AEF7EC3-1F59-4486-8598-EE1C4CCC5D05}.Release|Any CPU.ActiveCfg = Release|Any CPU
		{6AEF7EC3-1F59-4486-8598-EE1C4CCC5D05}.Release|Any CPU.Build.0 = Release|Any CPU
		{FF59DB71-3DA4-4EC3-9288-3CD6C5491A26}.Debug|Any CPU.ActiveCfg = Debug|Any CPU
		{FF59DB71-3DA4-4EC3-9288-3CD6C5491A26}.Debug|Any CPU.Build.0 = Debug|Any CPU
		{FF59DB71-3DA4-4EC3-9288-3CD6C5491A26}.Release|Any CPU.ActiveCfg = Release|Any CPU
		{FF59DB71-3DA4-4EC3-9288-3CD6C5491A26}.Release|Any CPU.Build.0 = Release|Any CPU
		{9F84DC75-1383-4E43-A1E3-0445360A29FB}.Debug|Any CPU.ActiveCfg = Debug|Any CPU
		{9F84DC75-1383-4E43-A1E3-0445360A29FB}.Debug|Any CPU.Build.0 = Debug|Any CPU
		{9F84DC75-1383-4E43-A1E3-0445360A29FB}.Release|Any CPU.ActiveCfg = Release|Any CPU
		{9F84DC75-1383-4E43-A1E3-0445360A29FB}.Release|Any CPU.Build.0 = Release|Any CPU
		{DB1533A2-E6CF-4BAB-9478-12824B73F9CB}.Debug|Any CPU.ActiveCfg = Debug|Any CPU
		{DB1533A2-E6CF-4BAB-9478-12824B73F9CB}.Debug|Any CPU.Build.0 = Debug|Any CPU
		{DB1533A2-E6CF-4BAB-9478-12824B73F9CB}.Release|Any CPU.ActiveCfg = Release|Any CPU
		{DB1533A2-E6CF-4BAB-9478-12824B73F9CB}.Release|Any CPU.Build.0 = Release|Any CPU
		{E85ECCA4-DC91-4786-AA16-472663A1D6F2}.Debug|Any CPU.ActiveCfg = Debug|Any CPU
		{E85ECCA4-DC91-4786-AA16-472663A1D6F2}.Debug|Any CPU.Build.0 = Debug|Any CPU
		{E85ECCA4-DC91-4786-AA16-472663A1D6F2}.Release|Any CPU.ActiveCfg = Release|Any CPU
		{E85ECCA4-DC91-4786-AA16-472663A1D6F2}.Release|Any CPU.Build.0 = Release|Any CPU
	EndGlobalSection
	GlobalSection(SolutionProperties) = preSolution
		HideSolutionNode = FALSE
	EndGlobalSection
	GlobalSection(NestedProjects) = preSolution
		{4748518D-1181-4BB3-949D-8A48EC78EDAA} = {384C34AC-87F9-42F4-98D3-F3254C378CEE}
		{1226EC80-4A65-4F51-9ACB-00FA20026826} = {F93A3E5F-5F11-431E-929D-9E0F21F46E3B}
		{CC4F7574-9F9D-4227-ADFA-C8788F150230} = {49CE13F2-F9E2-4346-95B7-D97FF88112EB}
		{72307750-9EB0-4F9B-9A0D-3288A5BFDCC8} = {0E4DF9C8-ABC6-4BD6-8D51-5479EC1C0F5D}
		{D89616CF-9CE6-4A9C-B67F-FF7E7A05EE30} = {C911046C-F2C1-4F33-A8D9-B028D216F9C9}
		{AAA8C731-FEA6-45D6-946D-93F3C5287812} = {4776D881-CF63-4DAC-8289-5BEDC9A69AFD}
		{6AEF7EC3-1F59-4486-8598-EE1C4CCC5D05} = {2C906D7A-E67A-4B67-BD64-243C98D76B6A}
		{FF59DB71-3DA4-4EC3-9288-3CD6C5491A26} = {99580661-BB2B-4C12-AE61-452305776E01}
		{9F84DC75-1383-4E43-A1E3-0445360A29FB} = {99580661-BB2B-4C12-AE61-452305776E01}
		{DB1533A2-E6CF-4BAB-9478-12824B73F9CB} = {99580661-BB2B-4C12-AE61-452305776E01}
		{E85ECCA4-DC91-4786-AA16-472663A1D6F2} = {42DC8DB2-3CCB-47A8-A360-D498AA6B8D56}
	EndGlobalSection
EndGlobal
